
Microsoft Visual Studio Solution File, Format Version 12.00
# Visual Studio Version 17
VisualStudioVersion = 17.8.34525.116
MinimumVisualStudioVersion = 10.0.40219.1
Project("{FAE04EC0-301F-11D3-BF4B-00C04F79EFBC}") = "mostrar dia de la semana apartier de un numero", "mostrar dia de la semana apartier de un numero\mostrar dia de la semana apartier de un numero.csproj", "{23E176BF-A7C2-42AD-9706-D2555EF98E93}"
EndProject
Global
	GlobalSection(SolutionConfigurationPlatforms) = preSolution
		Debug|Any CPU = Debug|Any CPU
		Release|Any CPU = Release|Any CPU
	EndGlobalSection
	GlobalSection(ProjectConfigurationPlatforms) = postSolution
		{23E176BF-A7C2-42AD-9706-D2555EF98E93}.Debug|Any CPU.ActiveCfg = Debug|Any CPU
		{23E176BF-A7C2-42AD-9706-D2555EF98E93}.Debug|Any CPU.Build.0 = Debug|Any CPU
		{23E176BF-A7C2-42AD-9706-D2555EF98E93}.Release|Any CPU.ActiveCfg = Release|Any CPU
		{23E176BF-A7C2-42AD-9706-D2555EF98E93}.Release|Any CPU.Build.0 = Release|Any CPU
	EndGlobalSection
	GlobalSection(SolutionProperties) = preSolution
		HideSolutionNode = FALSE
	EndGlobalSection
	GlobalSection(ExtensibilityGlobals) = postSolution
		SolutionGuid = {4FBAA023-297D-4D91-8919-B1B7A456E735}
	EndGlobalSection
EndGlobal
